
Microsoft Visual Studio Solution File, Format Version 12.00
# Visual Studio Version 17
VisualStudioVersion = 17.6.33829.357
MinimumVisualStudioVersion = 10.0.40219.1
Project("{FAE04EC0-301F-11D3-BF4B-00C04F79EFBC}") = "BSC-DOS TEST", "BSC-DOS TEST\BSC-DOS TEST.csproj", "{016294AE-9CFD-48B6-A5DA-BE08CF7B407B}"
EndProject
Global
	GlobalSection(SolutionConfigurationPlatforms) = preSolution
		Debug|Any CPU = Debug|Any CPU
		Release|Any CPU = Release|Any CPU
	EndGlobalSection
	GlobalSection(ProjectConfigurationPlatforms) = postSolution
		{016294AE-9CFD-48B6-A5DA-BE08CF7B407B}.Debug|Any CPU.ActiveCfg = Debug|Any CPU
		{016294AE-9CFD-48B6-A5DA-BE08CF7B407B}.Debug|Any CPU.Build.0 = Debug|Any CPU
		{016294AE-9CFD-48B6-A5DA-BE08CF7B407B}.Release|Any CPU.ActiveCfg = Release|Any CPU
		{016294AE-9CFD-48B6-A5DA-BE08CF7B407B}.Release|Any CPU.Build.0 = Release|Any CPU
	EndGlobalSection
	GlobalSection(SolutionProperties) = preSolution
		HideSolutionNode = FALSE
	EndGlobalSection
	GlobalSection(ExtensibilityGlobals) = postSolution
		SolutionGuid = {81A5E26D-AB20-4C0E-892C-B13B439F6112}
	EndGlobalSection
EndGlobal
